schema: '2.0'
stages:
  fetch_data:
    cmd: python fetch_api.py
    deps:
    - path: fetch_api.py
      hash: md5
      md5: 65b4c289ba3d713a3b2dcf9db5abb82b
      size: 2444
    outs:
    - path: data/pic-journalier-consommation-brute.csv
      hash: md5
      md5: c5f8ba2f9c0aa7affabb98a39c0d17f6
      size: 151382
  process_data:
    cmd: python process_data.py
    deps:
    - path: data/pic-journalier-consommation-brute.csv
      hash: md5
      md5: eb63d01a2719470e1e26aaea58e3e54a
      size: 154092
    - path: process_data.py
      hash: md5
      md5: 18a614b518a0e463250238b780eaa929
      size: 2900
    params:
      params.yaml:
        preprocessing.fenetre_moyenne_mobile:
        - 3
        - 7
        - 14
        preprocessing.lags_jours:
        - 1
        - 2
        - 3
        - 4
        - 5
        - 7
        - 9
        - 11
        - 13
        - 14
    outs:
    - path: train_data/test.csv
      hash: md5
      md5: 7f7a37b7ecccf6f20d62c472e7e2dba4
      size: 34768
    - path: train_data/train.csv
      hash: md5
      md5: bcbb484202258df8a902162ef1d37a28
      size: 1909720
  train_lgbm:
    cmd: python train_lightgbm.py
    deps:
    - path: train_data/train.csv
      hash: md5
      md5: bcbb484202258df8a902162ef1d37a28
      size: 1909720
    - path: train_lightgbm.py
      hash: md5
      md5: 5bac57f3f4449c2f1e0a48fd2e426c30
      size: 4933
    params:
      params.yaml:
        lightgbm_training:
          objective: regression
          n_estimators: 2000
          search_space:
            learning_rate:
              min: 0.005
              max: 0.1
            num_leaves:
              min: 20
              max: 150
            max_depth:
              min: 3
              max: 12
            subsample:
              min: 0.5
              max: 1.0
            colsample_bytree:
              min: 0.5
              max: 1.0
            min_child_samples:
              min: 10
              max: 100
  train_xgb:
    cmd: python train_xgb.py
    deps:
    - path: train_data/train.csv
      hash: md5
      md5: bcbb484202258df8a902162ef1d37a28
      size: 1909720
    - path: train_xgb.py
      hash: md5
      md5: 5d77328cd69bd3430df59bd761c103a3
      size: 4734
    params:
      params.yaml:
        xgboost_training:
          objective: reg:squarederror
          tree_method: hist
          device: cuda
          early_stopping_rounds: 50
          n_estimators: 2000
          search_space:
            learning_rate:
              min: 0.005
              max: 0.1
            max_depth:
              min: 3
              max: 12
            subsample:
              min: 0.5
              max: 1.0
            colsample_bytree:
              min: 0.5
              max: 1.0
            min_child_weight:
              min: 1
              max: 10
